
Microsoft Visual Studio Solution File, Format Version 12.00
# Visual Studio Version 16
VisualStudioVersion = 16.0.29926.136
MinimumVisualStudioVersion = 10.0.40219.1
Project("{FAE04EC0-301F-11D3-BF4B-00C04F79EFBC}") = "MyPassword.Android", "src\MyPassword.Android\MyPassword.Android.csproj", "{7697DF7C-991C-4030-87C1-19E88F11CA81}"
EndProject
Project("{9A19103F-16F7-4668-BE54-9A1E7A4F7556}") = "MyPassword", "src\MyPassword\MyPassword.csproj", "{3EFC9F08-ABD0-40DB-92F0-BDBF95C1A0E2}"
EndProject
Global
	GlobalSection(SolutionConfigurationPlatforms) = preSolution
		Debug|Any CPU = Debug|Any CPU
		Release|Any CPU = Release|Any CPU
	EndGlobalSection
	GlobalSection(ProjectConfigurationPlatforms) = postSolution
		{7697DF7C-991C-4030-87C1-19E88F11CA81}.Debug|Any CPU.ActiveCfg = Debug|Any CPU
		{7697DF7C-991C-4030-87C1-19E88F11CA81}.Debug|Any CPU.Build.0 = Debug|Any CPU
		{7697DF7C-991C-4030-87C1-19E88F11CA81}.Debug|Any CPU.Deploy.0 = Debug|Any CPU
		{7697DF7C-991C-4030-87C1-19E88F11CA81}.Release|Any CPU.ActiveCfg = Release|Any CPU
		{7697DF7C-991C-4030-87C1-19E88F11CA81}.Release|Any CPU.Build.0 = Release|Any CPU
		{7697DF7C-991C-4030-87C1-19E88F11CA81}.Release|Any CPU.Deploy.0 = Release|Any CPU
		{3EFC9F08-ABD0-40DB-92F0-BDBF95C1A0E2}.Debug|Any CPU.ActiveCfg = Debug|Any CPU
		{3EFC9F08-ABD0-40DB-92F0-BDBF95C1A0E2}.Debug|Any CPU.Build.0 = Debug|Any CPU
		{3EFC9F08-ABD0-40DB-92F0-BDBF95C1A0E2}.Release|Any CPU.ActiveCfg = Release|Any CPU
		{3EFC9F08-ABD0-40DB-92F0-BDBF95C1A0E2}.Release|Any CPU.Build.0 = Release|Any CPU
	EndGlobalSection
	GlobalSection(SolutionProperties) = preSolution
		HideSolutionNode = FALSE
	EndGlobalSection
	GlobalSection(ExtensibilityGlobals) = postSolution
		SolutionGuid = {89945A5E-6939-4518-B8ED-824502A774AC}
	EndGlobalSection
EndGlobal
