
Microsoft Visual Studio Solution File, Format Version 12.00
# Visual Studio Version 16
VisualStudioVersion = 16.0.29926.136
MinimumVisualStudioVersion = 10.0.40219.1
Project("{FAE04EC0-301F-11D3-BF4B-00C04F79EFBC}") = "MyPassword.iOS", "src\MyPassword.iOS\MyPassword.iOS.csproj", "{AF814A2B-793D-4C09-B430-5096AD5DA2E0}"
EndProject
Project("{9A19103F-16F7-4668-BE54-9A1E7A4F7556}") = "MyPassword", "src\MyPassword\MyPassword.csproj", "{3EFC9F08-ABD0-40DB-92F0-BDBF95C1A0E2}"
EndProject
Global
	GlobalSection(SolutionConfigurationPlatforms) = preSolution
		Ad-Hoc|Any CPU = Ad-Hoc|Any CPU
		Ad-Hoc|iPhone = Ad-Hoc|iPhone
		Ad-Hoc|iPhoneSimulator = Ad-Hoc|iPhoneSimulator
		AppStore|Any CPU = AppStore|Any CPU
		AppStore|iPhone = AppStore|iPhone
		AppStore|iPhoneSimulator = AppStore|iPhoneSimulator
		Debug|Any CPU = Debug|Any CPU
		Debug|iPhone = Debug|iPhone
		Debug|iPhoneSimulator = Debug|iPhoneSimulator
		Release|Any CPU = Release|Any CPU
		Release|iPhone = Release|iPhone
		Release|iPhoneSimulator = Release|iPhoneSimulator
	EndGlobalSection
	GlobalSection(ProjectConfigurationPlatforms) = postSolution
		{AF814A2B-793D-4C09-B430-5096AD5DA2E0}.Ad-Hoc|Any CPU.ActiveCfg = Ad-Hoc|iPhone
		{AF814A2B-793D-4C09-B430-5096AD5DA2E0}.Ad-Hoc|iPhone.ActiveCfg = Ad-Hoc|iPhone
		{AF814A2B-793D-4C09-B430-5096AD5DA2E0}.Ad-Hoc|iPhone.Build.0 = Ad-Hoc|iPhone
		{AF814A2B-793D-4C09-B430-5096AD5DA2E0}.Ad-Hoc|iPhoneSimulator.ActiveCfg = Ad-Hoc|iPhoneSimulator
		{AF814A2B-793D-4C09-B430-5096AD5DA2E0}.Ad-Hoc|iPhoneSimulator.Build.0 = Ad-Hoc|iPhoneSimulator
		{AF814A2B-793D-4C09-B430-5096AD5DA2E0}.AppStore|Any CPU.ActiveCfg = AppStore|iPhone
		{AF814A2B-793D-4C09-B430-5096AD5DA2E0}.AppStore|iPhone.ActiveCfg = AppStore|iPhone
		{AF814A2B-793D-4C09-B430-5096AD5DA2E0}.AppStore|iPhone.Build.0 = AppStore|iPhone
		{AF814A2B-793D-4C09-B430-5096AD5DA2E0}.AppStore|iPhoneSimulator.ActiveCfg = AppStore|iPhoneSimulator
		{AF814A2B-793D-4C09-B430-5096AD5DA2E0}.AppStore|iPhoneSimulator.Build.0 = AppStore|iPhoneSimulator
		{AF814A2B-793D-4C09-B430-5096AD5DA2E0}.Debug|Any CPU.ActiveCfg = Debug|iPhone
		{AF814A2B-793D-4C09-B430-5096AD5DA2E0}.Debug|iPhone.ActiveCfg = Debug|iPhone
		{AF814A2B-793D-4C09-B430-5096AD5DA2E0}.Debug|iPhone.Build.0 = Debug|iPhone
		{AF814A2B-793D-4C09-B430-5096AD5DA2E0}.Debug|iPhone.Deploy.0 = Debug|iPhone
		{AF814A2B-793D-4C09-B430-5096AD5DA2E0}.Debug|iPhoneSimulator.ActiveCfg = Debug|iPhoneSimulator
		{AF814A2B-793D-4C09-B430-5096AD5DA2E0}.Debug|iPhoneSimulator.Build.0 = Debug|iPhoneSimulator
		{AF814A2B-793D-4C09-B430-5096AD5DA2E0}.Release|Any CPU.ActiveCfg = Release|iPhone
		{AF814A2B-793D-4C09-B430-5096AD5DA2E0}.Release|iPhone.ActiveCfg = Release|iPhone
		{AF814A2B-793D-4C09-B430-5096AD5DA2E0}.Release|iPhone.Build.0 = Release|iPhone
		{AF814A2B-793D-4C09-B430-5096AD5DA2E0}.Release|iPhoneSimulator.ActiveCfg = Release|iPhoneSimulator
		{AF814A2B-793D-4C09-B430-5096AD5DA2E0}.Release|iPhoneSimulator.Build.0 = Release|iPhoneSimulator
		{3EFC9F08-ABD0-40DB-92F0-BDBF95C1A0E2}.Ad-Hoc|Any CPU.ActiveCfg = Debug|Any CPU
		{3EFC9F08-ABD0-40DB-92F0-BDBF95C1A0E2}.Ad-Hoc|Any CPU.Build.0 = Debug|Any CPU
		{3EFC9F08-ABD0-40DB-92F0-BDBF95C1A0E2}.Ad-Hoc|iPhone.ActiveCfg = Debug|Any CPU
		{3EFC9F08-ABD0-40DB-92F0-BDBF95C1A0E2}.Ad-Hoc|iPhone.Build.0 = Debug|Any CPU
		{3EFC9F08-ABD0-40DB-92F0-BDBF95C1A0E2}.Ad-Hoc|iPhoneSimulator.ActiveCfg = Debug|Any CPU
		{3EFC9F08-ABD0-40DB-92F0-BDBF95C1A0E2}.Ad-Hoc|iPhoneSimulator.Build.0 = Debug|Any CPU
		{3EFC9F08-ABD0-40DB-92F0-BDBF95C1A0E2}.AppStore|Any CPU.ActiveCfg = Debug|Any CPU
		{3EFC9F08-ABD0-40DB-92F0-BDBF95C1A0E2}.AppStore|Any CPU.Build.0 = Debug|Any CPU
		{3EFC9F08-ABD0-40DB-92F0-BDBF95C1A0E2}.AppStore|iPhone.ActiveCfg = Debug|Any CPU
		{3EFC9F08-ABD0-40DB-92F0-BDBF95C1A0E2}.AppStore|iPhone.Build.0 = Debug|Any CPU
		{3EFC9F08-ABD0-40DB-92F0-BDBF95C1A0E2}.AppStore|iPhoneSimulator.ActiveCfg = Debug|Any CPU
		{3EFC9F08-ABD0-40DB-92F0-BDBF95C1A0E2}.AppStore|iPhoneSimulator.Build.0 = Debug|Any CPU
		{3EFC9F08-ABD0-40DB-92F0-BDBF95C1A0E2}.Debug|Any CPU.ActiveCfg = Debug|Any CPU
		{3EFC9F08-ABD0-40DB-92F0-BDBF95C1A0E2}.Debug|Any CPU.Build.0 = Debug|Any CPU
		{3EFC9F08-ABD0-40DB-92F0-BDBF95C1A0E2}.Debug|iPhone.ActiveCfg = Debug|Any CPU
		{3EFC9F08-ABD0-40DB-92F0-BDBF95C1A0E2}.Debug|iPhone.Build.0 = Debug|Any CPU
		{3EFC9F08-ABD0-40DB-92F0-BDBF95C1A0E2}.Debug|iPhoneSimulator.ActiveCfg = Debug|Any CPU
		{3EFC9F08-ABD0-40DB-92F0-BDBF95C1A0E2}.Debug|iPhoneSimulator.Build.0 = Debug|Any CPU
		{3EFC9F08-ABD0-40DB-92F0-BDBF95C1A0E2}.Release|Any CPU.ActiveCfg = Release|Any CPU
		{3EFC9F08-ABD0-40DB-92F0-BDBF95C1A0E2}.Release|Any CPU.Build.0 = Release|Any CPU
		{3EFC9F08-ABD0-40DB-92F0-BDBF95C1A0E2}.Release|iPhone.ActiveCfg = Release|Any CPU
		{3EFC9F08-ABD0-40DB-92F0-BDBF95C1A0E2}.Release|iPhone.Build.0 = Release|Any CPU
		{3EFC9F08-ABD0-40DB-92F0-BDBF95C1A0E2}.Release|iPhoneSimulator.ActiveCfg = Release|Any CPU
		{3EFC9F08-ABD0-40DB-92F0-BDBF95C1A0E2}.Release|iPhoneSimulator.Build.0 = Release|Any CPU
	EndGlobalSection
	GlobalSection(SolutionProperties) = preSolution
		HideSolutionNode = FALSE
	EndGlobalSection
	GlobalSection(ExtensibilityGlobals) = postSolution
		SolutionGuid = {89945A5E-6939-4518-B8ED-824502A774AC}
	EndGlobalSection
EndGlobal
